{
  "name": "uhc-status-discord-bot",
  "version": "1.0.0",
  "lockfileVersion": 1,
  "requires": true,
  "dependencies": {
    "mc-ping-updated": {
      "version": "0.1.0",
      "resolved": "https://registry.npmjs.org/mc-ping-updated/-/mc-ping-updated-0.1.0.tgz",
      "integrity": "sha1-ky+eXe5/T3RxALvfpk9NiwMzEgo="
    }
  }
}
